
Microsoft Visual Studio Solution File, Format Version 12.00
# Visual Studio Version 17
VisualStudioVersion = 17.4.33110.190
MinimumVisualStudioVersion = 10.0.40219.1
Project("{FAE04EC0-301F-11D3-BF4B-00C04F79EFBC}") = "WorldCupResultsWithBlazorWASM", "WorldCupResultsWithBlazorWASM\WorldCupResultsWithBlazorWASM.csproj", "{A07B1947-B230-479C-A4E8-727FD4EA046A}"
EndProject
Global
	GlobalSection(SolutionConfigurationPlatforms) = preSolution
		Debug|Any CPU = Debug|Any CPU
		Release|Any CPU = Release|Any CPU
	EndGlobalSection
	GlobalSection(ProjectConfigurationPlatforms) = postSolution
		{A07B1947-B230-479C-A4E8-727FD4EA046A}.Debug|Any CPU.ActiveCfg = Debug|Any CPU
		{A07B1947-B230-479C-A4E8-727FD4EA046A}.Debug|Any CPU.Build.0 = Debug|Any CPU
		{A07B1947-B230-479C-A4E8-727FD4EA046A}.Release|Any CPU.ActiveCfg = Release|Any CPU
		{A07B1947-B230-479C-A4E8-727FD4EA046A}.Release|Any CPU.Build.0 = Release|Any CPU
	EndGlobalSection
	GlobalSection(SolutionProperties) = preSolution
		HideSolutionNode = FALSE
	EndGlobalSection
	GlobalSection(ExtensibilityGlobals) = postSolution
		SolutionGuid = {D8F660E8-146A-47C4-B7E4-D32B449C494F}
	EndGlobalSection
EndGlobal
